
Microsoft Visual Studio Solution File, Format Version 12.00
# Visual Studio Version 16
VisualStudioVersion = 16.0.30413.136
MinimumVisualStudioVersion = 10.0.40219.1
Project("{FAE04EC0-301F-11D3-BF4B-00C04F79EFBC}") = "Atomo.Web", "Atomo.Web\Atomo.Web.csproj", "{C90DD8E6-E3C2-4FBB-92EC-8493CF6511C3}"
EndProject
Project("{FAE04EC0-301F-11D3-BF4B-00C04F79EFBC}") = "Atomo.Data", "Atomo.Data\Atomo.Data.csproj", "{BC8637EA-ED9D-4832-9DC7-9AC283AA0F2B}"
EndProject
Project("{FAE04EC0-301F-11D3-BF4B-00C04F79EFBC}") = "Atomo.Utils", "Atome.Utils\Atomo.Utils.csproj", "{FE1775C8-38FA-45BE-B022-B07AFD851299}"
EndProject
Project("{FAE04EC0-301F-11D3-BF4B-00C04F79EFBC}") = "Atomo.Web.Controls", "Atomo.Web.Controls\Atomo.Web.Controls.csproj", "{94035E3F-02BE-449B-BD87-CB0246A67D57}"
EndProject
Project("{FAE04EC0-301F-11D3-BF4B-00C04F79EFBC}") = "WebApplication1", "WebApplication1\WebApplication1.csproj", "{FA97D815-658B-4DCA-9BFF-8F5AA30C5D71}"
EndProject
Global
	GlobalSection(SolutionConfigurationPlatforms) = preSolution
		Debug|Any CPU = Debug|Any CPU
		Release|Any CPU = Release|Any CPU
	EndGlobalSection
	GlobalSection(ProjectConfigurationPlatforms) = postSolution
		{C90DD8E6-E3C2-4FBB-92EC-8493CF6511C3}.Debug|Any CPU.ActiveCfg = Debug|Any CPU
		{C90DD8E6-E3C2-4FBB-92EC-8493CF6511C3}.Debug|Any CPU.Build.0 = Debug|Any CPU
		{C90DD8E6-E3C2-4FBB-92EC-8493CF6511C3}.Release|Any CPU.ActiveCfg = Release|Any CPU
		{C90DD8E6-E3C2-4FBB-92EC-8493CF6511C3}.Release|Any CPU.Build.0 = Release|Any CPU
		{BC8637EA-ED9D-4832-9DC7-9AC283AA0F2B}.Debug|Any CPU.ActiveCfg = Debug|Any CPU
		{BC8637EA-ED9D-4832-9DC7-9AC283AA0F2B}.Debug|Any CPU.Build.0 = Debug|Any CPU
		{BC8637EA-ED9D-4832-9DC7-9AC283AA0F2B}.Release|Any CPU.ActiveCfg = Release|Any CPU
		{BC8637EA-ED9D-4832-9DC7-9AC283AA0F2B}.Release|Any CPU.Build.0 = Release|Any CPU
		{FE1775C8-38FA-45BE-B022-B07AFD851299}.Debug|Any CPU.ActiveCfg = Debug|Any CPU
		{FE1775C8-38FA-45BE-B022-B07AFD851299}.Debug|Any CPU.Build.0 = Debug|Any CPU
		{FE1775C8-38FA-45BE-B022-B07AFD851299}.Release|Any CPU.ActiveCfg = Release|Any CPU
		{FE1775C8-38FA-45BE-B022-B07AFD851299}.Release|Any CPU.Build.0 = Release|Any CPU
		{94035E3F-02BE-449B-BD87-CB0246A67D57}.Debug|Any CPU.ActiveCfg = Debug|Any CPU
		{94035E3F-02BE-449B-BD87-CB0246A67D57}.Debug|Any CPU.Build.0 = Debug|Any CPU
		{94035E3F-02BE-449B-BD87-CB0246A67D57}.Release|Any CPU.ActiveCfg = Release|Any CPU
		{94035E3F-02BE-449B-BD87-CB0246A67D57}.Release|Any CPU.Build.0 = Release|Any CPU
		{FA97D815-658B-4DCA-9BFF-8F5AA30C5D71}.Debug|Any CPU.ActiveCfg = Debug|Any CPU
		{FA97D815-658B-4DCA-9BFF-8F5AA30C5D71}.Debug|Any CPU.Build.0 = Debug|Any CPU
		{FA97D815-658B-4DCA-9BFF-8F5AA30C5D71}.Release|Any CPU.ActiveCfg = Release|Any CPU
		{FA97D815-658B-4DCA-9BFF-8F5AA30C5D71}.Release|Any CPU.Build.0 = Release|Any CPU
	EndGlobalSection
	GlobalSection(SolutionProperties) = preSolution
		HideSolutionNode = FALSE
	EndGlobalSection
	GlobalSection(ExtensibilityGlobals) = postSolution
		SolutionGuid = {7F5925B0-E51C-4D1A-852F-CE38A799D81D}
	EndGlobalSection
	GlobalSection(SubversionScc) = preSolution
		Svn-Managed = True
		Manager = AnkhSVN - Subversion Support for Visual Studio
	EndGlobalSection
EndGlobal
